
Microsoft Visual Studio Solution File, Format Version 12.00
# Visual Studio Version 16
VisualStudioVersion = 16.0.34729.46
MinimumVisualStudioVersion = 10.0.40219.1
Project("{FAE04EC0-301F-11D3-BF4B-00C04F79EFBC}") = "CoreComfyUIAPI", "CoreComfyUIAPI\CoreComfyUIAPI.csproj", "{6863A35A-1333-40E2-91A7-1AFBA42F5A16}"
EndProject
Global
	GlobalSection(SolutionConfigurationPlatforms) = preSolution
		Debug|Any CPU = Debug|Any CPU
		Release|Any CPU = Release|Any CPU
	EndGlobalSection
	GlobalSection(ProjectConfigurationPlatforms) = postSolution
		{6863A35A-1333-40E2-91A7-1AFBA42F5A16}.Debug|Any CPU.ActiveCfg = Debug|Any CPU
		{6863A35A-1333-40E2-91A7-1AFBA42F5A16}.Debug|Any CPU.Build.0 = Debug|Any CPU
		{6863A35A-1333-40E2-91A7-1AFBA42F5A16}.Release|Any CPU.ActiveCfg = Release|Any CPU
		{6863A35A-1333-40E2-91A7-1AFBA42F5A16}.Release|Any CPU.Build.0 = Release|Any CPU
	EndGlobalSection
	GlobalSection(SolutionProperties) = preSolution
		HideSolutionNode = FALSE
	EndGlobalSection
	GlobalSection(ExtensibilityGlobals) = postSolution
		SolutionGuid = {F9ADAEDE-1616-4A2E-B3F6-6C5176FEB4C8}
	EndGlobalSection
EndGlobal
